
Microsoft Visual Studio Solution File, Format Version 12.00
# Visual Studio Version 17
VisualStudioVersion = 17.0.31903.59
MinimumVisualStudioVersion = 10.0.40219.1
Project("{FAE04EC0-301F-11D3-BF4B-00C04F79EFBC}") = "AuraStock.Domain", "AuraStock.Domain\AuraStock.Domain.csproj", "{4541626A-9662-49FD-AA0C-2CD4D453B55B}"
EndProject
Project("{FAE04EC0-301F-11D3-BF4B-00C04F79EFBC}") = "AuraStock.Application", "AuraStock.Application\AuraStock.Application.csproj", "{B0C62828-67F1-4BA9-9171-19F7D2506E07}"
EndProject
Project("{FAE04EC0-301F-11D3-BF4B-00C04F79EFBC}") = "AuraStock.Infrastructure", "AuraStock.Infrastructure\AuraStock.Infrastructure.csproj", "{37994F7E-BE0A-4761-8D91-2A12B9E11282}"
EndProject
Project("{FAE04EC0-301F-11D3-BF4B-00C04F79EFBC}") = "AuraStock.API", "AuraStock.API\AuraStock.API.csproj", "{AFD4E797-EDFC-4265-B7D8-F50AF0C009EF}"
EndProject
Global
	GlobalSection(SolutionConfigurationPlatforms) = preSolution
		Debug|Any CPU = Debug|Any CPU
		Debug|x64 = Debug|x64
		Debug|x86 = Debug|x86
		Release|Any CPU = Release|Any CPU
		Release|x64 = Release|x64
		Release|x86 = Release|x86
	EndGlobalSection
	GlobalSection(ProjectConfigurationPlatforms) = postSolution
		{4541626A-9662-49FD-AA0C-2CD4D453B55B}.Debug|Any CPU.ActiveCfg = Debug|Any CPU
		{4541626A-9662-49FD-AA0C-2CD4D453B55B}.Debug|Any CPU.Build.0 = Debug|Any CPU
		{4541626A-9662-49FD-AA0C-2CD4D453B55B}.Debug|x64.ActiveCfg = Debug|Any CPU
		{4541626A-9662-49FD-AA0C-2CD4D453B55B}.Debug|x64.Build.0 = Debug|Any CPU
		{4541626A-9662-49FD-AA0C-2CD4D453B55B}.Debug|x86.ActiveCfg = Debug|Any CPU
		{4541626A-9662-49FD-AA0C-2CD4D453B55B}.Debug|x86.Build.0 = Debug|Any CPU
		{4541626A-9662-49FD-AA0C-2CD4D453B55B}.Release|Any CPU.ActiveCfg = Release|Any CPU
		{4541626A-9662-49FD-AA0C-2CD4D453B55B}.Release|Any CPU.Build.0 = Release|Any CPU
		{4541626A-9662-49FD-AA0C-2CD4D453B55B}.Release|x64.ActiveCfg = Release|Any CPU
		{4541626A-9662-49FD-AA0C-2CD4D453B55B}.Release|x64.Build.0 = Release|Any CPU
		{4541626A-9662-49FD-AA0C-2CD4D453B55B}.Release|x86.ActiveCfg = Release|Any CPU
		{4541626A-9662-49FD-AA0C-2CD4D453B55B}.Release|x86.Build.0 = Release|Any CPU
		{B0C62828-67F1-4BA9-9171-19F7D2506E07}.Debug|Any CPU.ActiveCfg = Debug|Any CPU
		{B0C62828-67F1-4BA9-9171-19F7D2506E07}.Debug|Any CPU.Build.0 = Debug|Any CPU
		{B0C62828-67F1-4BA9-9171-19F7D2506E07}.Debug|x64.ActiveCfg = Debug|Any CPU
		{B0C62828-67F1-4BA9-9171-19F7D2506E07}.Debug|x64.Build.0 = Debug|Any CPU
		{B0C62828-67F1-4BA9-9171-19F7D2506E07}.Debug|x86.ActiveCfg = Debug|Any CPU
		{B0C62828-67F1-4BA9-9171-19F7D2506E07}.Debug|x86.Build.0 = Debug|Any CPU
		{B0C62828-67F1-4BA9-9171-19F7D2506E07}.Release|Any CPU.ActiveCfg = Release|Any CPU
		{B0C62828-67F1-4BA9-9171-19F7D2506E07}.Release|Any CPU.Build.0 = Release|Any CPU
		{B0C62828-67F1-4BA9-9171-19F7D2506E07}.Release|x64.ActiveCfg = Release|Any CPU
		{B0C62828-67F1-4BA9-9171-19F7D2506E07}.Release|x64.Build.0 = Release|Any CPU
		{B0C62828-67F1-4BA9-9171-19F7D2506E07}.Release|x86.ActiveCfg = Release|Any CPU
		{B0C62828-67F1-4BA9-9171-19F7D2506E07}.Release|x86.Build.0 = Release|Any CPU
		{37994F7E-BE0A-4761-8D91-2A12B9E11282}.Debug|Any CPU.ActiveCfg = Debug|Any CPU
		{37994F7E-BE0A-4761-8D91-2A12B9E11282}.Debug|Any CPU.Build.0 = Debug|Any CPU
		{37994F7E-BE0A-4761-8D91-2A12B9E11282}.Debug|x64.ActiveCfg = Debug|Any CPU
		{37994F7E-BE0A-4761-8D91-2A12B9E11282}.Debug|x64.Build.0 = Debug|Any CPU
		{37994F7E-BE0A-4761-8D91-2A12B9E11282}.Debug|x86.ActiveCfg = Debug|Any CPU
		{37994F7E-BE0A-4761-8D91-2A12B9E11282}.Debug|x86.Build.0 = Debug|Any CPU
		{37994F7E-BE0A-4761-8D91-2A12B9E11282}.Release|Any CPU.ActiveCfg = Release|Any CPU
		{37994F7E-BE0A-4761-8D91-2A12B9E11282}.Release|Any CPU.Build.0 = Release|Any CPU
		{37994F7E-BE0A-4761-8D91-2A12B9E11282}.Release|x64.ActiveCfg = Release|Any CPU
		{37994F7E-BE0A-4761-8D91-2A12B9E11282}.Release|x64.Build.0 = Release|Any CPU
		{37994F7E-BE0A-4761-8D91-2A12B9E11282}.Release|x86.ActiveCfg = Release|Any CPU
		{37994F7E-BE0A-4761-8D91-2A12B9E11282}.Release|x86.Build.0 = Release|Any CPU
		{AFD4E797-EDFC-4265-B7D8-F50AF0C009EF}.Debug|Any CPU.ActiveCfg = Debug|Any CPU
		{AFD4E797-EDFC-4265-B7D8-F50AF0C009EF}.Debug|Any CPU.Build.0 = Debug|Any CPU
		{AFD4E797-EDFC-4265-B7D8-F50AF0C009EF}.Debug|x64.ActiveCfg = Debug|Any CPU
		{AFD4E797-EDFC-4265-B7D8-F50AF0C009EF}.Debug|x64.Build.0 = Debug|Any CPU
		{AFD4E797-EDFC-4265-B7D8-F50AF0C009EF}.Debug|x86.ActiveCfg = Debug|Any CPU
		{AFD4E797-EDFC-4265-B7D8-F50AF0C009EF}.Debug|x86.Build.0 = Debug|Any CPU
		{AFD4E797-EDFC-4265-B7D8-F50AF0C009EF}.Release|Any CPU.ActiveCfg = Release|Any CPU
		{AFD4E797-EDFC-4265-B7D8-F50AF0C009EF}.Release|Any CPU.Build.0 = Release|Any CPU
		{AFD4E797-EDFC-4265-B7D8-F50AF0C009EF}.Release|x64.ActiveCfg = Release|Any CPU
		{AFD4E797-EDFC-4265-B7D8-F50AF0C009EF}.Release|x64.Build.0 = Release|Any CPU
		{AFD4E797-EDFC-4265-B7D8-F50AF0C009EF}.Release|x86.ActiveCfg = Release|Any CPU
		{AFD4E797-EDFC-4265-B7D8-F50AF0C009EF}.Release|x86.Build.0 = Release|Any CPU
	EndGlobalSection
	GlobalSection(SolutionProperties) = preSolution
		HideSolutionNode = FALSE
	EndGlobalSection
EndGlobal
